
Microsoft Visual Studio Solution File, Format Version 12.00
# Visual Studio Version 16
VisualStudioVersion = 16.0.33927.289
MinimumVisualStudioVersion = 10.0.40219.1
Project("{2150E333-8FDC-42A3-9474-1A3956D46DE8}") = "Task0", "Task0", "{495A972A-141D-46BF-8678-DDEB4DB3BE5B}"
EndProject
Project("{2150E333-8FDC-42A3-9474-1A3956D46DE8}") = "Task1", "Task1", "{C8688423-FA59-4D1C-A3D2-B36B3BF3ACDC}"
EndProject
Project("{FAE04EC0-301F-11D3-BF4B-00C04F79EFBC}") = "Tyuiu.AbdullinAI.Sprint1.Task1.V27", "Tyuiu.AbdullinAI.Sprint1.Task1.V27\Tyuiu.AbdullinAI.Sprint1.Task1.V27.csproj", "{0AE4B54A-A9C5-496D-BABC-7A36FE2BAB48}"
EndProject
Project("{FAE04EC0-301F-11D3-BF4B-00C04F79EFBC}") = "Tyuiu.AbdullinAI.Sprint1.Task1.V27.Lib", "Tyuiu.AbdullinAI.Sprint1.Task1.V27.Lib\Tyuiu.AbdullinAI.Sprint1.Task1.V27.Lib.csproj", "{4B79C5F9-78F5-4B19-9B01-69EFDF344509}"
EndProject
Project("{FAE04EC0-301F-11D3-BF4B-00C04F79EFBC}") = "Tyuiu.AbdullinAI.Sprint1.Task1.V27.Test", "Tyuiu.AbdullinAI.Sprint1.Task1.V27.Test\Tyuiu.AbdullinAI.Sprint1.Task1.V27.Test.csproj", "{DA212414-2927-41A0-8F3B-13E736A16E96}"
EndProject
Project("{FAE04EC0-301F-11D3-BF4B-00C04F79EFBC}") = "Tyuiu.AbdullinAI.Sprint1.Task0.V10", "Tyuiu.AbdullinAI.Sprint1.Task0.V10\Tyuiu.AbdullinAI.Sprint1.Task0.V10.csproj", "{CDB8C93A-F4E7-4B65-AA9E-C5F15F4D0DEC}"
EndProject
Project("{FAE04EC0-301F-11D3-BF4B-00C04F79EFBC}") = "Tyuiu.AbdullinAI.Sprint1.Task0.V10.Lib", "Tyuiu.AbdullinAI.Sprint1.Task0.V10.Lib\Tyuiu.AbdullinAI.Sprint1.Task0.V10.Lib.csproj", "{BB30D7FA-FFF4-4A15-AED5-758BBA5402EF}"
EndProject
Project("{FAE04EC0-301F-11D3-BF4B-00C04F79EFBC}") = "Tyuiu.AbdullinAI.Sprint1.Task0.V10.Test", "Tyuiu.AbdullinAI.Sprint1.Task0.V10.Test\Tyuiu.AbdullinAI.Sprint1.Task0.V10.Test.csproj", "{44D134A2-4DA4-4729-8B16-576B7EF43485}"
EndProject
Project("{2150E333-8FDC-42A3-9474-1A3956D46DE8}") = "Task2", "Task2", "{C2320BFC-82AA-44DE-9522-36D1ABB5A5AF}"
EndProject
Project("{FAE04EC0-301F-11D3-BF4B-00C04F79EFBC}") = "Tyuiu.AbdullinAI.Sprint1.Task2.V22", "Tyuiu.AbdullinAI.Sprint1.Task2.V22\Tyuiu.AbdullinAI.Sprint1.Task2.V22.csproj", "{AF809153-A1D2-41AA-8497-71BE14F3D077}"
EndProject
Project("{FAE04EC0-301F-11D3-BF4B-00C04F79EFBC}") = "Tyuiu.AbdullinAI.Sprint1.Task2.V22.Lib", "Tyuiu.AbdullinAI.Sprint1.Task2.V22.Lib\Tyuiu.AbdullinAI.Sprint1.Task2.V22.Lib.csproj", "{F6866D18-A9F6-4889-BD7B-B72269509DE1}"
EndProject
Project("{FAE04EC0-301F-11D3-BF4B-00C04F79EFBC}") = "Tyuiu.AbdullinAI.Sprint1.Task2.V22.Test", "Tyuiu.AbdullinAI.Sprint1.Task2.V22.Test\Tyuiu.AbdullinAI.Sprint1.Task2.V22.Test.csproj", "{62CCBC1E-0F9A-4932-B243-A506832F0372}"
EndProject
Project("{2150E333-8FDC-42A3-9474-1A3956D46DE8}") = "Task3", "Task3", "{43E3A9DC-12E8-4EC6-AEDA-AC77AD89EB87}"
EndProject
Project("{FAE04EC0-301F-11D3-BF4B-00C04F79EFBC}") = "Tyuiu.AbdullinAI.Sprint1.Task3.V16", "Tyuiu.AbdullinAI.Sprint1.Task3.V16\Tyuiu.AbdullinAI.Sprint1.Task3.V16.csproj", "{C614470D-FE75-4C9A-BA95-8EA193C28933}"
EndProject
Project("{FAE04EC0-301F-11D3-BF4B-00C04F79EFBC}") = "Tyuiu.AbdullinAI.Sprint1.Task3.V16.Lib", "Tyuiu.AbdullinAI.Sprint1.Task3.V16.Lib\Tyuiu.AbdullinAI.Sprint1.Task3.V16.Lib.csproj", "{34698360-48F8-4C28-9C8B-26394344E3B4}"
EndProject
Project("{FAE04EC0-301F-11D3-BF4B-00C04F79EFBC}") = "Tyuiu.AbdullinAI.Sprint1.Task3.V16.Test", "Tyuiu.AbdullinAI.Sprint1.Task3.V16.Test\Tyuiu.AbdullinAI.Sprint1.Task3.V16.Test.csproj", "{4804ADFF-E3AE-4B37-93CD-EE09BBE70F19}"
EndProject
Project("{2150E333-8FDC-42A3-9474-1A3956D46DE8}") = "Task4", "Task4", "{C7B26D93-7728-4B21-9C98-E55E05DD9EF8}"
EndProject
Project("{FAE04EC0-301F-11D3-BF4B-00C04F79EFBC}") = "Tyuiu.AbdullinAI.Sprint1.Task4.V7", "Tyuiu.AbdullinAI.Sprint1.Task4.V7\Tyuiu.AbdullinAI.Sprint1.Task4.V7.csproj", "{A6C47819-C4E0-4B34-B0FF-0EE2FF97B184}"
EndProject
Project("{FAE04EC0-301F-11D3-BF4B-00C04F79EFBC}") = "Tyuiu.AbdullinAI.Sprint1.Task4.V7.Lib", "Tyuiu.AbdullinAI.Sprint1.Task4.V7.Lib\Tyuiu.AbdullinAI.Sprint1.Task4.V7.Lib.csproj", "{95853896-2AD7-494A-B02F-7A4696D1257B}"
EndProject
Project("{FAE04EC0-301F-11D3-BF4B-00C04F79EFBC}") = "Tyuiu.AbdullinAI.Sprint1.Task4.V7.Test", "Tyuiu.AbdullinAI.Sprint1.Task4.V7.Test\Tyuiu.AbdullinAI.Sprint1.Task4.V7.Test.csproj", "{BB6FE090-43E9-42F0-B496-E646A0F2227E}"
EndProject
Global
	GlobalSection(SolutionConfigurationPlatforms) = preSolution
		Debug|Any CPU = Debug|Any CPU
		Release|Any CPU = Release|Any CPU
	EndGlobalSection
	GlobalSection(ProjectConfigurationPlatforms) = postSolution
		{0AE4B54A-A9C5-496D-BABC-7A36FE2BAB48}.Debug|Any CPU.ActiveCfg = Debug|Any CPU
		{0AE4B54A-A9C5-496D-BABC-7A36FE2BAB48}.Debug|Any CPU.Build.0 = Debug|Any CPU
		{0AE4B54A-A9C5-496D-BABC-7A36FE2BAB48}.Release|Any CPU.ActiveCfg = Release|Any CPU
		{0AE4B54A-A9C5-496D-BABC-7A36FE2BAB48}.Release|Any CPU.Build.0 = Release|Any CPU
		{4B79C5F9-78F5-4B19-9B01-69EFDF344509}.Debug|Any CPU.ActiveCfg = Debug|Any CPU
		{4B79C5F9-78F5-4B19-9B01-69EFDF344509}.Debug|Any CPU.Build.0 = Debug|Any CPU
		{4B79C5F9-78F5-4B19-9B01-69EFDF344509}.Release|Any CPU.ActiveCfg = Release|Any CPU
		{4B79C5F9-78F5-4B19-9B01-69EFDF344509}.Release|Any CPU.Build.0 = Release|Any CPU
		{DA212414-2927-41A0-8F3B-13E736A16E96}.Debug|Any CPU.ActiveCfg = Debug|Any CPU
		{DA212414-2927-41A0-8F3B-13E736A16E96}.Debug|Any CPU.Build.0 = Debug|Any CPU
		{DA212414-2927-41A0-8F3B-13E736A16E96}.Release|Any CPU.ActiveCfg = Release|Any CPU
		{DA212414-2927-41A0-8F3B-13E736A16E96}.Release|Any CPU.Build.0 = Release|Any CPU
		{CDB8C93A-F4E7-4B65-AA9E-C5F15F4D0DEC}.Debug|Any CPU.ActiveCfg = Debug|Any CPU
		{CDB8C93A-F4E7-4B65-AA9E-C5F15F4D0DEC}.Debug|Any CPU.Build.0 = Debug|Any CPU
		{CDB8C93A-F4E7-4B65-AA9E-C5F15F4D0DEC}.Release|Any CPU.ActiveCfg = Release|Any CPU
		{CDB8C93A-F4E7-4B65-AA9E-C5F15F4D0DEC}.Release|Any CPU.Build.0 = Release|Any CPU
		{BB30D7FA-FFF4-4A15-AED5-758BBA5402EF}.Debug|Any CPU.ActiveCfg = Debug|Any CPU
		{BB30D7FA-FFF4-4A15-AED5-758BBA5402EF}.Debug|Any CPU.Build.0 = Debug|Any CPU
		{BB30D7FA-FFF4-4A15-AED5-758BBA5402EF}.Release|Any CPU.ActiveCfg = Release|Any CPU
		{BB30D7FA-FFF4-4A15-AED5-758BBA5402EF}.Release|Any CPU.Build.0 = Release|Any CPU
		{44D134A2-4DA4-4729-8B16-576B7EF43485}.Debug|Any CPU.ActiveCfg = Debug|Any CPU
		{44D134A2-4DA4-4729-8B16-576B7EF43485}.Debug|Any CPU.Build.0 = Debug|Any CPU
		{44D134A2-4DA4-4729-8B16-576B7EF43485}.Release|Any CPU.ActiveCfg = Release|Any CPU
		{44D134A2-4DA4-4729-8B16-576B7EF43485}.Release|Any CPU.Build.0 = Release|Any CPU
		{AF809153-A1D2-41AA-8497-71BE14F3D077}.Debug|Any CPU.ActiveCfg = Debug|Any CPU
		{AF809153-A1D2-41AA-8497-71BE14F3D077}.Debug|Any CPU.Build.0 = Debug|Any CPU
		{AF809153-A1D2-41AA-8497-71BE14F3D077}.Release|Any CPU.ActiveCfg = Release|Any CPU
		{AF809153-A1D2-41AA-8497-71BE14F3D077}.Release|Any CPU.Build.0 = Release|Any CPU
		{F6866D18-A9F6-4889-BD7B-B72269509DE1}.Debug|Any CPU.ActiveCfg = Debug|Any CPU
		{F6866D18-A9F6-4889-BD7B-B72269509DE1}.Debug|Any CPU.Build.0 = Debug|Any CPU
		{F6866D18-A9F6-4889-BD7B-B72269509DE1}.Release|Any CPU.ActiveCfg = Release|Any CPU
		{F6866D18-A9F6-4889-BD7B-B72269509DE1}.Release|Any CPU.Build.0 = Release|Any CPU
		{62CCBC1E-0F9A-4932-B243-A506832F0372}.Debug|Any CPU.ActiveCfg = Debug|Any CPU
		{62CCBC1E-0F9A-4932-B243-A506832F0372}.Debug|Any CPU.Build.0 = Debug|Any CPU
		{62CCBC1E-0F9A-4932-B243-A506832F0372}.Release|Any CPU.ActiveCfg = Release|Any CPU
		{62CCBC1E-0F9A-4932-B243-A506832F0372}.Release|Any CPU.Build.0 = Release|Any CPU
		{C614470D-FE75-4C9A-BA95-8EA193C28933}.Debug|Any CPU.ActiveCfg = Debug|Any CPU
		{C614470D-FE75-4C9A-BA95-8EA193C28933}.Debug|Any CPU.Build.0 = Debug|Any CPU
		{C614470D-FE75-4C9A-BA95-8EA193C28933}.Release|Any CPU.ActiveCfg = Release|Any CPU
		{C614470D-FE75-4C9A-BA95-8EA193C28933}.Release|Any CPU.Build.0 = Release|Any CPU
		{34698360-48F8-4C28-9C8B-26394344E3B4}.Debug|Any CPU.ActiveCfg = Debug|Any CPU
		{34698360-48F8-4C28-9C8B-26394344E3B4}.Debug|Any CPU.Build.0 = Debug|Any CPU
		{34698360-48F8-4C28-9C8B-26394344E3B4}.Release|Any CPU.ActiveCfg = Release|Any CPU
		{34698360-48F8-4C28-9C8B-26394344E3B4}.Release|Any CPU.Build.0 = Release|Any CPU
		{4804ADFF-E3AE-4B37-93CD-EE09BBE70F19}.Debug|Any CPU.ActiveCfg = Debug|Any CPU
		{4804ADFF-E3AE-4B37-93CD-EE09BBE70F19}.Debug|Any CPU.Build.0 = Debug|Any CPU
		{4804ADFF-E3AE-4B37-93CD-EE09BBE70F19}.Release|Any CPU.ActiveCfg = Release|Any CPU
		{4804ADFF-E3AE-4B37-93CD-EE09BBE70F19}.Release|Any CPU.Build.0 = Release|Any CPU
		{A6C47819-C4E0-4B34-B0FF-0EE2FF97B184}.Debug|Any CPU.ActiveCfg = Debug|Any CPU
		{A6C47819-C4E0-4B34-B0FF-0EE2FF97B184}.Debug|Any CPU.Build.0 = Debug|Any CPU
		{A6C47819-C4E0-4B34-B0FF-0EE2FF97B184}.Release|Any CPU.ActiveCfg = Release|Any CPU
		{A6C47819-C4E0-4B34-B0FF-0EE2FF97B184}.Release|Any CPU.Build.0 = Release|Any CPU
		{95853896-2AD7-494A-B02F-7A4696D1257B}.Debug|Any CPU.ActiveCfg = Debug|Any CPU
		{95853896-2AD7-494A-B02F-7A4696D1257B}.Debug|Any CPU.Build.0 = Debug|Any CPU
		{95853896-2AD7-494A-B02F-7A4696D1257B}.Release|Any CPU.ActiveCfg = Release|Any CPU
		{95853896-2AD7-494A-B02F-7A4696D1257B}.Release|Any CPU.Build.0 = Release|Any CPU
		{BB6FE090-43E9-42F0-B496-E646A0F2227E}.Debug|Any CPU.ActiveCfg = Debug|Any CPU
		{BB6FE090-43E9-42F0-B496-E646A0F2227E}.Debug|Any CPU.Build.0 = Debug|Any CPU
		{BB6FE090-43E9-42F0-B496-E646A0F2227E}.Release|Any CPU.ActiveCfg = Release|Any CPU
		{BB6FE090-43E9-42F0-B496-E646A0F2227E}.Release|Any CPU.Build.0 = Release|Any CPU
	EndGlobalSection
	GlobalSection(SolutionProperties) = preSolution
		HideSolutionNode = FALSE
	EndGlobalSection
	GlobalSection(NestedProjects) = preSolution
		{0AE4B54A-A9C5-496D-BABC-7A36FE2BAB48} = {C8688423-FA59-4D1C-A3D2-B36B3BF3ACDC}
		{4B79C5F9-78F5-4B19-9B01-69EFDF344509} = {C8688423-FA59-4D1C-A3D2-B36B3BF3ACDC}
		{DA212414-2927-41A0-8F3B-13E736A16E96} = {C8688423-FA59-4D1C-A3D2-B36B3BF3ACDC}
		{CDB8C93A-F4E7-4B65-AA9E-C5F15F4D0DEC} = {495A972A-141D-46BF-8678-DDEB4DB3BE5B}
		{BB30D7FA-FFF4-4A15-AED5-758BBA5402EF} = {495A972A-141D-46BF-8678-DDEB4DB3BE5B}
		{44D134A2-4DA4-4729-8B16-576B7EF43485} = {495A972A-141D-46BF-8678-DDEB4DB3BE5B}
		{AF809153-A1D2-41AA-8497-71BE14F3D077} = {C2320BFC-82AA-44DE-9522-36D1ABB5A5AF}
		{F6866D18-A9F6-4889-BD7B-B72269509DE1} = {C2320BFC-82AA-44DE-9522-36D1ABB5A5AF}
		{62CCBC1E-0F9A-4932-B243-A506832F0372} = {C2320BFC-82AA-44DE-9522-36D1ABB5A5AF}
		{C614470D-FE75-4C9A-BA95-8EA193C28933} = {43E3A9DC-12E8-4EC6-AEDA-AC77AD89EB87}
		{34698360-48F8-4C28-9C8B-26394344E3B4} = {43E3A9DC-12E8-4EC6-AEDA-AC77AD89EB87}
		{4804ADFF-E3AE-4B37-93CD-EE09BBE70F19} = {43E3A9DC-12E8-4EC6-AEDA-AC77AD89EB87}
		{A6C47819-C4E0-4B34-B0FF-0EE2FF97B184} = {C7B26D93-7728-4B21-9C98-E55E05DD9EF8}
		{95853896-2AD7-494A-B02F-7A4696D1257B} = {C7B26D93-7728-4B21-9C98-E55E05DD9EF8}
		{BB6FE090-43E9-42F0-B496-E646A0F2227E} = {C7B26D93-7728-4B21-9C98-E55E05DD9EF8}
	EndGlobalSection
	GlobalSection(ExtensibilityGlobals) = postSolution
		SolutionGuid = {72765229-A296-4EE7-9712-EC5618612B37}
	EndGlobalSection
EndGlobal
